{
  "name": "yucheng-cli",
  "version": "1.0.0",
  "lockfileVersion": 1,
  "requires": true,
  "dependencies": {
    "is-docker": {
      "version": "2.1.1",
      "resolved": "https://registry.npm.taobao.org/is-docker/download/is-docker-2.1.1.tgz",
      "integrity": "sha1-QSWojkTkUNOE4JBH7eca3C0UQVY="
    },
    "is-wsl": {
      "version": "2.2.0",
      "resolved": "https://registry.npm.taobao.org/is-wsl/download/is-wsl-2.2.0.tgz?cache=0&sync_timestamp=1588494157943&other_urls=https%3A%2F%2Fregistry.npm.taobao.org%2Fis-wsl%2Fdownload%2Fis-wsl-2.2.0.tgz",
      "integrity": "sha1-dKTHbnfKn9P5MvKQwX6jJs0VcnE=",
      "requires": {
        "is-docker": "^2.0.0"
      }
    },
    "open": {
      "version": "7.4.2",
      "resolved": "https://registry.npm.taobao.org/open/download/open-7.4.2.tgz?cache=0&sync_timestamp=1613493279617&other_urls=https%3A%2F%2Fregistry.npm.taobao.org%2Fopen%2Fdownload%2Fopen-7.4.2.tgz",
      "integrity": "sha1-uBR+Jtzz5CYxbHMAif1x7dKcIyE=",
      "requires": {
        "is-docker": "^2.0.0",
        "is-wsl": "^2.1.1"
      }
    }
  }
}
